lockfileVersion: '9.0'

settings:
  autoInstallPeers: true
  excludeLinksFromLockfile: false

importers:

  .:
    dependencies:
      playwright:
        specifier: ^1.54.1
        version: 1.54.1
    devDependencies:
      '@types/node':
        specifier: ^24.1.0
        version: 24.1.0
      typescript:
        specifier: ^5.0.0
        version: 5.8.3

packages:

  '@types/node@24.1.0':
    resolution: {integrity: sha512-ut5FthK5moxFKH2T1CUOC6ctR67rQRvvHdFLCD2Ql6KXmMuCrjsSsRI9UsLCm9M18BMwClv4pn327UvB7eeO1w==}

  fsevents@2.3.2:
    resolution: {integrity: sha512-xiqMQR4xAeHTuB9uWm+fFRcIOgKBMiOBP+eXiyT7jsgVCq1bkVygt00oASowB7EdtpOHaaPgKt812P9ab+DDKA==}
    engines: {node: ^8.16.0 || ^10.6.0 || >=11.0.0}
    os: [darwin]

  playwright-core@1.54.1:
    resolution: {integrity: sha512-Nbjs2zjj0htNhzgiy5wu+3w09YetDx5pkrpI/kZotDlDUaYk0HVA5xrBVPdow4SAUIlhgKcJeJg4GRKW6xHusA==}
    engines: {node: '>=18'}
    hasBin: true

  playwright@1.54.1:
    resolution: {integrity: sha512-peWpSwIBmSLi6aW2auvrUtf2DqY16YYcCMO8rTVx486jKmDTJg7UAhyrraP98GB8BoPURZP8+nxO7TSd4cPr5g==}
    engines: {node: '>=18'}
    hasBin: true

  typescript@5.8.3:
    resolution: {integrity: sha512-p1diW6TqL9L07nNxvRMM7hMMw4c5XOo/1ibL4aAIGmSAt9slTE1Xgw5KWuof2uTOvCg9BY7ZRi+GaF+7sfgPeQ==}
    engines: {node: '>=14.17'}
    hasBin: true

  undici-types@7.8.0:
    resolution: {integrity: sha512-9UJ2xGDvQ43tYyVMpuHlsgApydB8ZKfVYTsLDhXkFL/6gfkp+U8xTGdh8pMJv1SpZna0zxG1DwsKZsreLbXBxw==}

snapshots:

  '@types/node@24.1.0':
    dependencies:
      undici-types: 7.8.0

  fsevents@2.3.2:
    optional: true

  playwright-core@1.54.1: {}

  playwright@1.54.1:
    dependencies:
      playwright-core: 1.54.1
    optionalDependencies:
      fsevents: 2.3.2

  typescript@5.8.3: {}

  undici-types@7.8.0: {}
